
Microsoft Visual Studio Solution File, Format Version 12.00
# Visual Studio for Mac
Project("{FAE04EC0-301F-11D3-BF4B-00C04F79EFBC}") = "Assembly-CSharp", "Assembly-CSharp.csproj", "{DEC9D723-7386-76F2-7997-CDF01FCA234B}"
EndProject
Global
	GlobalSection(SolutionConfigurationPlatforms) = preSolution
		Debug|Any CPU = Debug|Any CPU
		Release|Any CPU = Release|Any CPU
	EndGlobalSection
	GlobalSection(ProjectConfigurationPlatforms) = postSolution
		{DEC9D723-7386-76F2-7997-CDF01FCA234B}.Debug|Any CPU.ActiveCfg = Debug|Any CPU
		{DEC9D723-7386-76F2-7997-CDF01FCA234B}.Debug|Any CPU.Build.0 = Debug|Any CPU
		{DEC9D723-7386-76F2-7997-CDF01FCA234B}.Release|Any CPU.ActiveCfg = Release|Any CPU
		{DEC9D723-7386-76F2-7997-CDF01FCA234B}.Release|Any CPU.Build.0 = Release|Any CPU
	EndGlobalSection
	GlobalSection(SolutionProperties) = preSolution
		HideSolutionNode = FALSE
	EndGlobalSection
EndGlobal
